// !$*UTF8*$!
{
	archiveVersion = 1;
	classes = {
	};
	objectVersion = 46;
	objects = {

/* Begin PBXBuildFile section */
		D8531ED81ABE137000C0A8A1 /* LlamaKit.framework in Frameworks */ = {isa = PBXBuildFile; fileRef = D89508911ABE0A0900B0BAAA /* LlamaKit.framework */; };
		D8531ED91ABE137000C0A8A1 /* LlamaKit.framework in Embed Frameworks */ = {isa = PBXBuildFile; fileRef = D89508911ABE0A0900B0BAAA /* LlamaKit.framework */; settings = {ATTRIBUTES = (CodeSignOnCopy, RemoveHeadersOnCopy, ); }; };
		D8531EDB1ABE17A100C0A8A1 /* ErrNo.framework in Frameworks */ = {isa = PBXBuildFile; fileRef = D8531EDA1ABE17A100C0A8A1 /* ErrNo.framework */; };
		D8531EDC1ABE180400C0A8A1 /* ErrNo.framework in Frameworks */ = {isa = PBXBuildFile; fileRef = D8531EDA1ABE17A100C0A8A1 /* ErrNo.framework */; };
		D8531EDD1ABE180400C0A8A1 /* ErrNo.framework in Embed Frameworks */ = {isa = PBXBuildFile; fileRef = D8531EDA1ABE17A100C0A8A1 /* ErrNo.framework */; settings = {ATTRIBUTES = (CodeSignOnCopy, RemoveHeadersOnCopy, ); }; };
		D86D5E4E1ABD1D2B00CA574D /* Termios.framework in Frameworks */ = {isa = PBXBuildFile; fileRef = D8B4C56A1ABD15DE00901386 /* Termios.framework */; };
		D86D5E4F1ABD1D2B00CA574D /* Termios.framework in Embed Frameworks */ = {isa = PBXBuildFile; fileRef = D8B4C56A1ABD15DE00901386 /* Termios.framework */; settings = {ATTRIBUTES = (CodeSignOnCopy, RemoveHeadersOnCopy, ); }; };
		D86D5E541ABD1D5800CA574D /* main.swift in Sources */ = {isa = PBXBuildFile; fileRef = D86D5E531ABD1D5800CA574D /* main.swift */; };
		D86D5E561ABD371700CA574D /* InputFlags.swift in Sources */ = {isa = PBXBuildFile; fileRef = D86D5E551ABD371700CA574D /* InputFlags.swift */; };
		D86D5E581ABD371F00CA574D /* OutputFlags.swift in Sources */ = {isa = PBXBuildFile; fileRef = D86D5E571ABD371F00CA574D /* OutputFlags.swift */; };
		D86D5E5A1ABD372600CA574D /* LocalFlags.swift in Sources */ = {isa = PBXBuildFile; fileRef = D86D5E591ABD372600CA574D /* LocalFlags.swift */; };
		D86D5E5C1ABD372D00CA574D /* ControlFlags.swift in Sources */ = {isa = PBXBuildFile; fileRef = D86D5E5B1ABD372D00CA574D /* ControlFlags.swift */; };
		D89508931ABE0A1800B0BAAA /* LlamaKit.framework in Frameworks */ = {isa = PBXBuildFile; fileRef = D89508911ABE0A0900B0BAAA /* LlamaKit.framework */; };
		D89508941ABE0A1C00B0BAAA /* LlamaKit.framework in CopyFiles */ = {isa = PBXBuildFile; fileRef = D89508911ABE0A0900B0BAAA /* LlamaKit.framework */; settings = {ATTRIBUTES = (CodeSignOnCopy, RemoveHeadersOnCopy, ); }; };
		D8B4C5701ABD15DE00901386 /* Termios.h in Headers */ = {isa = PBXBuildFile; fileRef = D8B4C56F1ABD15DE00901386 /* Termios.h */; settings = {ATTRIBUTES = (Public, ); }; };
		D8B4C57B1ABD15DE00901386 /* Termios.framework in Frameworks */ = {isa = PBXBuildFile; fileRef = D8B4C56A1ABD15DE00901386 /* Termios.framework */; };
		D8B4C5821ABD15DE00901386 /* TermiosTests.swift in Sources */ = {isa = PBXBuildFile; fileRef = D8B4C5811ABD15DE00901386 /* TermiosTests.swift */; };
		D8B4C58C1ABD16AC00901386 /* Termios.swift in Sources */ = {isa = PBXBuildFile; fileRef = D8B4C58B1ABD16AC00901386 /* Termios.swift */; };
/* End PBXBuildFile section */

/* Begin PBXContainerItemProxy section */
		D86D5E501ABD1D2B00CA574D /* PBXContainerItemProxy */ = {
			isa = PBXContainerItemProxy;
			containerPortal = D8B4C5611ABD15DE00901386 /* Project object */;
			proxyType = 1;
			remoteGlobalIDString = D8B4C5691ABD15DE00901386;
			remoteInfo = Termios;
		};
		D8B4C57C1ABD15DE00901386 /* PBXContainerItemProxy */ = {
			isa = PBXContainerItemProxy;
			containerPortal = D8B4C5611ABD15DE00901386 /* Project object */;
			proxyType = 1;
			remoteGlobalIDString = D8B4C5691ABD15DE00901386;
			remoteInfo = Termios;
		};
/* End PBXContainerItemProxy section */

/* Begin PBXCopyFilesBuildPhase section */
		D86D5E521ABD1D2B00CA574D /* Embed Frameworks */ = {
			isa = PBXCopyFilesBuildPhase;
			buildActionMask = 2147483647;
			dstPath = "";
			dstSubfolderSpec = 10;
			files = (
				D86D5E4F1ABD1D2B00CA574D /* Termios.framework in Embed Frameworks */,
				D8531ED91ABE137000C0A8A1 /* LlamaKit.framework in Embed Frameworks */,
				D8531EDD1ABE180400C0A8A1 /* ErrNo.framework in Embed Frameworks */,
			);
			name = "Embed Frameworks";
			runOnlyForDeploymentPostprocessing = 0;
		};
		D895088D1ABE09A400B0BAAA /* CopyFiles */ = {
			isa = PBXCopyFilesBuildPhase;
			buildActionMask = 2147483647;
			dstPath = "";
			dstSubfolderSpec = 10;
			files = (
				D89508941ABE0A1C00B0BAAA /* LlamaKit.framework in CopyFiles */,
			);
			runOnlyForDeploymentPostprocessing = 0;
		};
/* End PBXCopyFilesBuildPhase section */

/* Begin PBXFileReference section */
		D8531EDA1ABE17A100C0A8A1 /* ErrNo.framework */ = {isa = PBXFileReference; lastKnownFileType = wrapper.framework; path = ErrNo.framework; sourceTree = "<group>"; };
		D86D5E311ABD1CFE00CA574D /* Example.app */ = {isa = PBXFileReference; explicitFileType = wrapper.application; includeInIndex = 0; path = Example.app; sourceTree = BUILT_PRODUCTS_DIR; };
		D86D5E341ABD1CFE00CA574D /* Info.plist */ = {isa = PBXFileReference; lastKnownFileType = text.plist.xml; path = Info.plist; sourceTree = "<group>"; };
		D86D5E531ABD1D5800CA574D /* main.swift */ = {isa = PBXFileReference; fileEncoding = 4; lastKnownFileType = sourcecode.swift; path = main.swift; sourceTree = "<group>"; };
		D86D5E551ABD371700CA574D /* InputFlags.swift */ = {isa = PBXFileReference; fileEncoding = 4; lastKnownFileType = sourcecode.swift; path = InputFlags.swift; sourceTree = "<group>"; };
		D86D5E571ABD371F00CA574D /* OutputFlags.swift */ = {isa = PBXFileReference; fileEncoding = 4; lastKnownFileType = sourcecode.swift; path = OutputFlags.swift; sourceTree = "<group>"; };
		D86D5E591ABD372600CA574D /* LocalFlags.swift */ = {isa = PBXFileReference; fileEncoding = 4; lastKnownFileType = sourcecode.swift; path = LocalFlags.swift; sourceTree = "<group>"; };
		D86D5E5B1ABD372D00CA574D /* ControlFlags.swift */ = {isa = PBXFileReference; fileEncoding = 4; lastKnownFileType = sourcecode.swift; path = ControlFlags.swift; sourceTree = "<group>"; };
		D89508911ABE0A0900B0BAAA /* LlamaKit.framework */ = {isa = PBXFileReference; lastKnownFileType = wrapper.framework; path = LlamaKit.framework; sourceTree = "<group>"; };
		D8B4C56A1ABD15DE00901386 /* Termios.framework */ = {isa = PBXFileReference; explicitFileType = wrapper.framework; includeInIndex = 0; path = Termios.framework; sourceTree = BUILT_PRODUCTS_DIR; };
		D8B4C56E1ABD15DE00901386 /* Info.plist */ = {isa = PBXFileReference; lastKnownFileType = text.plist.xml; path = Info.plist; sourceTree = "<group>"; };
		D8B4C56F1ABD15DE00901386 /* Termios.h */ = {isa = PBXFileReference; lastKnownFileType = sourcecode.c.h; path = Termios.h; sourceTree = "<group>"; };
		D8B4C57A1ABD15DE00901386 /* TermiosTests.xctest */ = {isa = PBXFileReference; explicitFileType = wrapper.cfbundle; includeInIndex = 0; path = TermiosTests.xctest; sourceTree = BUILT_PRODUCTS_DIR; };
		D8B4C5801ABD15DE00901386 /* Info.plist */ = {isa = PBXFileReference; lastKnownFileType = text.plist.xml; path = Info.plist; sourceTree = "<group>"; };
		D8B4C5811ABD15DE00901386 /* TermiosTests.swift */ = {isa = PBXFileReference; lastKnownFileType = sourcecode.swift; path = TermiosTests.swift; sourceTree = "<group>"; };
		D8B4C58B1ABD16AC00901386 /* Termios.swift */ = {isa = PBXFileReference; fileEncoding = 4; lastKnownFileType = sourcecode.swift; path = Termios.swift; sourceTree = "<group>"; };
/* End PBXFileReference section */

/* Begin PBXFrameworksBuildPhase section */
		D86D5E2E1ABD1CFE00CA574D /* Frameworks */ = {
			isa = PBXFrameworksBuildPhase;
			buildActionMask = 2147483647;
			files = (
				D86D5E4E1ABD1D2B00CA574D /* Termios.framework in Frameworks */,
				D8531ED81ABE137000C0A8A1 /* LlamaKit.framework in Frameworks */,
				D8531EDC1ABE180400C0A8A1 /* ErrNo.framework in Frameworks */,
			);
			runOnlyForDeploymentPostprocessing = 0;
		};
		D8B4C5661ABD15DE00901386 /* Frameworks */ = {
			isa = PBXFrameworksBuildPhase;
			buildActionMask = 2147483647;
			files = (
				D89508931ABE0A1800B0BAAA /* LlamaKit.framework in Frameworks */,
				D8531EDB1ABE17A100C0A8A1 /* ErrNo.framework in Frameworks */,
			);
			runOnlyForDeploymentPostprocessing = 0;
		};
		D8B4C5771ABD15DE00901386 /* Frameworks */ = {
			isa = PBXFrameworksBuildPhase;
			buildActionMask = 2147483647;
			files = (
				D8B4C57B1ABD15DE00901386 /* Termios.framework in Frameworks */,
			);
			runOnlyForDeploymentPostprocessing = 0;
		};
/* End PBXFrameworksBuildPhase section */

/* Begin PBXGroup section */
		D86D5E321ABD1CFE00CA574D /* Example */ = {
			isa = PBXGroup;
			children = (
				D86D5E531ABD1D5800CA574D /* main.swift */,
				D86D5E331ABD1CFE00CA574D /* Supporting Files */,
			);
			path = Example;
			sourceTree = "<group>";
		};
		D86D5E331ABD1CFE00CA574D /* Supporting Files */ = {
			isa = PBXGroup;
			children = (
				D86D5E341ABD1CFE00CA574D /* Info.plist */,
			);
			name = "Supporting Files";
			sourceTree = "<group>";
		};
		D89508901ABE0A0900B0BAAA /* External */ = {
			isa = PBXGroup;
			children = (
				D8531EDA1ABE17A100C0A8A1 /* ErrNo.framework */,
				D89508911ABE0A0900B0BAAA /* LlamaKit.framework */,
			);
			name = External;
			path = Carthage/Build/Mac;
			sourceTree = "<group>";
		};
		D8B4C5601ABD15DE00901386 = {
			isa = PBXGroup;
			children = (
				D8B4C56C1ABD15DE00901386 /* Termios */,
				D8B4C57E1ABD15DE00901386 /* TermiosTests */,
				D86D5E321ABD1CFE00CA574D /* Example */,
				D8B4C56B1ABD15DE00901386 /* Products */,
				D89508901ABE0A0900B0BAAA /* External */,
			);
			sourceTree = "<group>";
		};
		D8B4C56B1ABD15DE00901386 /* Products */ = {
			isa = PBXGroup;
			children = (
				D8B4C56A1ABD15DE00901386 /* Termios.framework */,
				D8B4C57A1ABD15DE00901386 /* TermiosTests.xctest */,
				D86D5E311ABD1CFE00CA574D /* Example.app */,
			);
			name = Products;
			sourceTree = "<group>";
		};
		D8B4C56C1ABD15DE00901386 /* Termios */ = {
			isa = PBXGroup;
			children = (
				D86D5E5B1ABD372D00CA574D /* ControlFlags.swift */,
				D86D5E551ABD371700CA574D /* InputFlags.swift */,
				D86D5E591ABD372600CA574D /* LocalFlags.swift */,
				D86D5E571ABD371F00CA574D /* OutputFlags.swift */,
				D8B4C58B1ABD16AC00901386 /* Termios.swift */,
				D8B4C56D1ABD15DE00901386 /* Supporting Files */,
			);
			path = Termios;
			sourceTree = "<group>";
		};
		D8B4C56D1ABD15DE00901386 /* Supporting Files */ = {
			isa = PBXGroup;
			children = (
				D8B4C56E1ABD15DE00901386 /* Info.plist */,
				D8B4C56F1ABD15DE00901386 /* Termios.h */,
			);
			name = "Supporting Files";
			sourceTree = "<group>";
		};
		D8B4C57E1ABD15DE00901386 /* TermiosTests */ = {
			isa = PBXGroup;
			children = (
				D8B4C5811ABD15DE00901386 /* TermiosTests.swift */,
				D8B4C57F1ABD15DE00901386 /* Supporting Files */,
			);
			path = TermiosTests;
			sourceTree = "<group>";
		};
		D8B4C57F1ABD15DE00901386 /* Supporting Files */ = {
			isa = PBXGroup;
			children = (
				D8B4C5801ABD15DE00901386 /* Info.plist */,
			);
			name = "Supporting Files";
			sourceTree = "<group>";
		};
/* End PBXGroup section */

/* Begin PBXHeadersBuildPhase section */
		D8B4C5671ABD15DE00901386 /* Headers */ = {
			isa = PBXHeadersBuildPhase;
			buildActionMask = 2147483647;
			files = (
				D8B4C5701ABD15DE00901386 /* Termios.h in Headers */,
			);
			runOnlyForDeploymentPostprocessing = 0;
		};
/* End PBXHeadersBuildPhase section */

/* Begin PBXNativeTarget section */
		D86D5E301ABD1CFE00CA574D /* Example */ = {
			isa = PBXNativeTarget;
			buildConfigurationList = D86D5E4C1ABD1CFF00CA574D /* Build configuration list for PBXNativeTarget "Example" */;
			buildPhases = (
				D86D5E2D1ABD1CFE00CA574D /* Sources */,
				D86D5E2E1ABD1CFE00CA574D /* Frameworks */,
				D86D5E2F1ABD1CFE00CA574D /* Resources */,
				D86D5E521ABD1D2B00CA574D /* Embed Frameworks */,
			);
			buildRules = (
			);
			dependencies = (
				D86D5E511ABD1D2B00CA574D /* PBXTargetDependency */,
			);
			name = Example;
			productName = Example;
			productReference = D86D5E311ABD1CFE00CA574D /* Example.app */;
			productType = "com.apple.product-type.application";
		};
		D8B4C5691ABD15DE00901386 /* Termios */ = {
			isa = PBXNativeTarget;
			buildConfigurationList = D8B4C5851ABD15DE00901386 /* Build configuration list for PBXNativeTarget "Termios" */;
			buildPhases = (
				D8B4C5651ABD15DE00901386 /* Sources */,
				D8B4C5661ABD15DE00901386 /* Frameworks */,
				D8B4C5671ABD15DE00901386 /* Headers */,
				D8B4C5681ABD15DE00901386 /* Resources */,
				D895088D1ABE09A400B0BAAA /* CopyFiles */,
			);
			buildRules = (
			);
			dependencies = (
			);
			name = Termios;
			productName = Termios;
			productReference = D8B4C56A1ABD15DE00901386 /* Termios.framework */;
			productType = "com.apple.product-type.framework";
		};
		D8B4C5791ABD15DE00901386 /* TermiosTests */ = {
			isa = PBXNativeTarget;
			buildConfigurationList = D8B4C5881ABD15DE00901386 /* Build configuration list for PBXNativeTarget "TermiosTests" */;
			buildPhases = (
				D8B4C5761ABD15DE00901386 /* Sources */,
				D8B4C5771ABD15DE00901386 /* Frameworks */,
				D8B4C5781ABD15DE00901386 /* Resources */,
			);
			buildRules = (
			);
			dependencies = (
				D8B4C57D1ABD15DE00901386 /* PBXTargetDependency */,
			);
			name = TermiosTests;
			productName = TermiosTests;
			productReference = D8B4C57A1ABD15DE00901386 /* TermiosTests.xctest */;
			productType = "com.apple.product-type.bundle.unit-test";
		};
/* End PBXNativeTarget section */

/* Begin PBXProject section */
		D8B4C5611ABD15DE00901386 /* Project object */ = {
			isa = PBXProject;
			attributes = {
				LastUpgradeCheck = 0630;
				ORGANIZATIONNAME = "Neil Pankey";
				TargetAttributes = {
					D86D5E301ABD1CFE00CA574D = {
						CreatedOnToolsVersion = 6.3;
					};
					D8B4C5691ABD15DE00901386 = {
						CreatedOnToolsVersion = 6.3;
					};
					D8B4C5791ABD15DE00901386 = {
						CreatedOnToolsVersion = 6.3;
					};
				};
			};
			buildConfigurationList = D8B4C5641ABD15DE00901386 /* Build configuration list for PBXProject "Termios" */;
			compatibilityVersion = "Xcode 3.2";
			developmentRegion = English;
			hasScannedForEncodings = 0;
			knownRegions = (
				en,
				Base,
			);
			mainGroup = D8B4C5601ABD15DE00901386;
			productRefGroup = D8B4C56B1ABD15DE00901386 /* Products */;
			projectDirPath = "";
			projectRoot = "";
			targets = (
				D8B4C5691ABD15DE00901386 /* Termios */,
				D8B4C5791ABD15DE00901386 /* TermiosTests */,
				D86D5E301ABD1CFE00CA574D /* Example */,
			);
		};
/* End PBXProject section */

/* Begin PBXResourcesBuildPhase section */
		D86D5E2F1ABD1CFE00CA574D /* Resources */ = {
			isa = PBXResourcesBuildPhase;
			buildActionMask = 2147483647;
			files = (
			);
			runOnlyForDeploymentPostprocessing = 0;
		};
		D8B4C5681ABD15DE00901386 /* Resources */ = {
			isa = PBXResourcesBuildPhase;
			buildActionMask = 2147483647;
			files = (
			);
			runOnlyForDeploymentPostprocessing = 0;
		};
		D8B4C5781ABD15DE00901386 /* Resources */ = {
			isa = PBXResourcesBuildPhase;
			buildActionMask = 2147483647;
			files = (
			);
			runOnlyForDeploymentPostprocessing = 0;
		};
/* End PBXResourcesBuildPhase section */

/* Begin PBXSourcesBuildPhase section */
		D86D5E2D1ABD1CFE00CA574D /* Sources */ = {
			isa = PBXSourcesBuildPhase;
			buildActionMask = 2147483647;
			files = (
				D86D5E541ABD1D5800CA574D /* main.swift in Sources */,
			);
			runOnlyForDeploymentPostprocessing = 0;
		};
		D8B4C5651ABD15DE00901386 /* Sources */ = {
			isa = PBXSourcesBuildPhase;
			buildActionMask = 2147483647;
			files = (
				D86D5E581ABD371F00CA574D /* OutputFlags.swift in Sources */,
				D86D5E561ABD371700CA574D /* InputFlags.swift in Sources */,
				D8B4C58C1ABD16AC00901386 /* Termios.swift in Sources */,
				D86D5E5A1ABD372600CA574D /* LocalFlags.swift in Sources */,
				D86D5E5C1ABD372D00CA574D /* ControlFlags.swift in Sources */,
			);
			runOnlyForDeploymentPostprocessing = 0;
		};
		D8B4C5761ABD15DE00901386 /* Sources */ = {
			isa = PBXSourcesBuildPhase;
			buildActionMask = 2147483647;
			files = (
				D8B4C5821ABD15DE00901386 /* TermiosTests.swift in Sources */,
			);
			runOnlyForDeploymentPostprocessing = 0;
		};
/* End PBXSourcesBuildPhase section */

/* Begin PBXTargetDependency section */
		D86D5E511ABD1D2B00CA574D /* PBXTargetDependency */ = {
			isa = PBXTargetDependency;
			target = D8B4C5691ABD15DE00901386 /* Termios */;
			targetProxy = D86D5E501ABD1D2B00CA574D /* PBXContainerItemProxy */;
		};
		D8B4C57D1ABD15DE00901386 /* PBXTargetDependency */ = {
			isa = PBXTargetDependency;
			target = D8B4C5691ABD15DE00901386 /* Termios */;
			targetProxy = D8B4C57C1ABD15DE00901386 /* PBXContainerItemProxy */;
		};
/* End PBXTargetDependency section */

/* Begin XCBuildConfiguration section */
		D86D5E481ABD1CFF00CA574D /* Debug */ = {
			isa = XCBuildConfiguration;
			buildSettings = {
				ASSETCATALOG_COMPILER_APPICON_NAME = AppIcon;
				CODE_SIGN_IDENTITY = "-";
				COMBINE_HIDPI_IMAGES = YES;
				EMBEDDED_CONTENT_CONTAINS_SWIFT = YES;
				FRAMEWORK_SEARCH_PATHS = (
					"$(inherited)",
					"$(PROJECT_DIR)/Carthage/Build/Mac",
				);
				GCC_PREPROCESSOR_DEFINITIONS = (
					"DEBUG=1",
					"$(inherited)",
				);
				INFOPLIST_FILE = Example/Info.plist;
				LD_RUNPATH_SEARCH_PATHS = "$(inherited) @executable_path/../Frameworks";
				PRODUCT_NAME = "$(TARGET_NAME)";
			};
			name = Debug;
		};
		D86D5E491ABD1CFF00CA574D /* Release */ = {
			isa = XCBuildConfiguration;
			buildSettings = {
				ASSETCATALOG_COMPILER_APPICON_NAME = AppIcon;
				CODE_SIGN_IDENTITY = "-";
				COMBINE_HIDPI_IMAGES = YES;
				COPY_PHASE_STRIP = NO;
				EMBEDDED_CONTENT_CONTAINS_SWIFT = YES;
				FRAMEWORK_SEARCH_PATHS = (
					"$(inherited)",
					"$(PROJECT_DIR)/Carthage/Build/Mac",
				);
				INFOPLIST_FILE = Example/Info.plist;
				LD_RUNPATH_SEARCH_PATHS = "$(inherited) @executable_path/../Frameworks";
				PRODUCT_NAME = "$(TARGET_NAME)";
			};
			name = Release;
		};
		D8B4C5831ABD15DE00901386 /* Debug */ = {
			isa = XCBuildConfiguration;
			buildSettings = {
				ALWAYS_SEARCH_USER_PATHS = NO;
				CLANG_CXX_LANGUAGE_STANDARD = "gnu++0x";
				CLANG_CXX_LIBRARY = "libc++";
				CLANG_ENABLE_MODULES = YES;
				CLANG_ENABLE_OBJC_ARC = YES;
				CLANG_WARN_BOOL_CONVERSION = YES;
				CLANG_WARN_CONSTANT_CONVERSION = YES;
				CLANG_WARN_DIRECT_OBJC_ISA_USAGE = YES_ERROR;
				CLANG_WARN_EMPTY_BODY = YES;
				CLANG_WARN_ENUM_CONVERSION = YES;
				CLANG_WARN_INT_CONVERSION = YES;
				CLANG_WARN_OBJC_ROOT_CLASS = YES_ERROR;
				CLANG_WARN_UNREACHABLE_CODE = YES;
				CLANG_WARN__DUPLICATE_METHOD_MATCH = YES;
				COPY_PHASE_STRIP = NO;
				CURRENT_PROJECT_VERSION = 1;
				DEBUG_INFORMATION_FORMAT = dwarf;
				ENABLE_STRICT_OBJC_MSGSEND = YES;
				GCC_C_LANGUAGE_STANDARD = gnu99;
				GCC_DYNAMIC_NO_PIC = NO;
				GCC_NO_COMMON_BLOCKS = YES;
				GCC_OPTIMIZATION_LEVEL = 0;
				GCC_PREPROCESSOR_DEFINITIONS = (
					"DEBUG=1",
					"$(inherited)",
				);
				GCC_SYMBOLS_PRIVATE_EXTERN = NO;
				GCC_WARN_64_TO_32_BIT_CONVERSION = YES;
				GCC_WARN_ABOUT_RETURN_TYPE = YES_ERROR;
				GCC_WARN_UNDECLARED_SELECTOR = YES;
				GCC_WARN_UNINITIALIZED_AUTOS = YES_AGGRESSIVE;
				GCC_WARN_UNUSED_FUNCTION = YES;
				GCC_WARN_UNUSED_VARIABLE = YES;
				MACOSX_DEPLOYMENT_TARGET = 10.10;
				MTL_ENABLE_DEBUG_INFO = YES;
				ONLY_ACTIVE_ARCH = YES;
				SDKROOT = macosx;
				SWIFT_OPTIMIZATION_LEVEL = "-Onone";
				VERSIONING_SYSTEM = "apple-generic";
				VERSION_INFO_PREFIX = "";
			};
			name = Debug;
		};
		D8B4C5841ABD15DE00901386 /* Release */ = {
			isa = XCBuildConfiguration;
			buildSettings = {
				ALWAYS_SEARCH_USER_PATHS = NO;
				CLANG_CXX_LANGUAGE_STANDARD = "gnu++0x";
				CLANG_CXX_LIBRARY = "libc++";
				CLANG_ENABLE_MODULES = YES;
				CLANG_ENABLE_OBJC_ARC = YES;
				CLANG_WARN_BOOL_CONVERSION = YES;
				CLANG_WARN_CONSTANT_CONVERSION = YES;
				CLANG_WARN_DIRECT_OBJC_ISA_USAGE = YES_ERROR;
				CLANG_WARN_EMPTY_BODY = YES;
				CLANG_WARN_ENUM_CONVERSION = YES;
				CLANG_WARN_INT_CONVERSION = YES;
				CLANG_WARN_OBJC_ROOT_CLASS = YES_ERROR;
				CLANG_WARN_UNREACHABLE_CODE = YES;
				CLANG_WARN__DUPLICATE_METHOD_MATCH = YES;
				COPY_PHASE_STRIP = YES;
				CURRENT_PROJECT_VERSION = 1;
				DEBUG_INFORMATION_FORMAT = "dwarf-with-dsym";
				ENABLE_NS_ASSERTIONS = NO;
				ENABLE_STRICT_OBJC_MSGSEND = YES;
				GCC_C_LANGUAGE_STANDARD = gnu99;
				GCC_NO_COMMON_BLOCKS = YES;
				GCC_WARN_64_TO_32_BIT_CONVERSION = YES;
				GCC_WARN_ABOUT_RETURN_TYPE = YES_ERROR;
				GCC_WARN_UNDECLARED_SELECTOR = YES;
				GCC_WARN_UNINITIALIZED_AUTOS = YES_AGGRESSIVE;
				GCC_WARN_UNUSED_FUNCTION = YES;
				GCC_WARN_UNUSED_VARIABLE = YES;
				MACOSX_DEPLOYMENT_TARGET = 10.10;
				MTL_ENABLE_DEBUG_INFO = NO;
				SDKROOT = macosx;
				VERSIONING_SYSTEM = "apple-generic";
				VERSION_INFO_PREFIX = "";
			};
			name = Release;
		};
		D8B4C5861ABD15DE00901386 /* Debug */ = {
			isa = XCBuildConfiguration;
			buildSettings = {
				CLANG_ENABLE_MODULES = YES;
				CODE_SIGN_IDENTITY = "-";
				COMBINE_HIDPI_IMAGES = YES;
				DEFINES_MODULE = YES;
				DYLIB_COMPATIBILITY_VERSION = 1;
				DYLIB_CURRENT_VERSION = 1;
				DYLIB_INSTALL_NAME_BASE = "@rpath";
				FRAMEWORK_SEARCH_PATHS = (
					"$(inherited)",
					"$(PROJECT_DIR)/Carthage/Build/Mac",
				);
				FRAMEWORK_VERSION = A;
				INFOPLIST_FILE = Termios/Info.plist;
				INSTALL_PATH = "@rpath";
				LD_RUNPATH_SEARCH_PATHS = "$(inherited) @executable_path/../Frameworks @loader_path/Frameworks";
				PRODUCT_NAME = "$(TARGET_NAME)";
				SKIP_INSTALL = YES;
				SWIFT_OPTIMIZATION_LEVEL = "-Onone";
			};
			name = Debug;
		};
		D8B4C5871ABD15DE00901386 /* Release */ = {
			isa = XCBuildConfiguration;
			buildSettings = {
				CLANG_ENABLE_MODULES = YES;
				CODE_SIGN_IDENTITY = "-";
				COMBINE_HIDPI_IMAGES = YES;
				DEFINES_MODULE = YES;
				DYLIB_COMPATIBILITY_VERSION = 1;
				DYLIB_CURRENT_VERSION = 1;
				DYLIB_INSTALL_NAME_BASE = "@rpath";
				FRAMEWORK_SEARCH_PATHS = (
					"$(inherited)",
					"$(PROJECT_DIR)/Carthage/Build/Mac",
				);
				FRAMEWORK_VERSION = A;
				INFOPLIST_FILE = Termios/Info.plist;
				INSTALL_PATH = "@rpath";
				LD_RUNPATH_SEARCH_PATHS = "$(inherited) @executable_path/../Frameworks @loader_path/Frameworks";
				PRODUCT_NAME = "$(TARGET_NAME)";
				SKIP_INSTALL = YES;
			};
			name = Release;
		};
		D8B4C5891ABD15DE00901386 /* Debug */ = {
			isa = XCBuildConfiguration;
			buildSettings = {
				COMBINE_HIDPI_IMAGES = YES;
				FRAMEWORK_SEARCH_PATHS = (
					"$(DEVELOPER_FRAMEWORKS_DIR)",
					"$(inherited)",
				);
				GCC_PREPROCESSOR_DEFINITIONS = (
					"DEBUG=1",
					"$(inherited)",
				);
				INFOPLIST_FILE = TermiosTests/Info.plist;
				LD_RUNPATH_SEARCH_PATHS = "$(inherited) @executable_path/../Frameworks @loader_path/../Frameworks";
				PRODUCT_NAME = "$(TARGET_NAME)";
			};
			name = Debug;
		};
		D8B4C58A1ABD15DE00901386 /* Release */ = {
			isa = XCBuildConfiguration;
			buildSettings = {
				COMBINE_HIDPI_IMAGES = YES;
				COPY_PHASE_STRIP = NO;
				FRAMEWORK_SEARCH_PATHS = (
					"$(DEVELOPER_FRAMEWORKS_DIR)",
					"$(inherited)",
				);
				INFOPLIST_FILE = TermiosTests/Info.plist;
				LD_RUNPATH_SEARCH_PATHS = "$(inherited) @executable_path/../Frameworks @loader_path/../Frameworks";
				PRODUCT_NAME = "$(TARGET_NAME)";
			};
			name = Release;
		};
/* End XCBuildConfiguration section */

/* Begin XCConfigurationList section */
		D86D5E4C1ABD1CFF00CA574D /* Build configuration list for PBXNativeTarget "Example" */ = {
			isa = XCConfigurationList;
			buildConfigurations = (
				D86D5E481ABD1CFF00CA574D /* Debug */,
				D86D5E491ABD1CFF00CA574D /* Release */,
			);
			defaultConfigurationIsVisible = 0;
			defaultConfigurationName = Release;
		};
		D8B4C5641ABD15DE00901386 /* Build configuration list for PBXProject "Termios" */ = {
			isa = XCConfigurationList;
			buildConfigurations = (
				D8B4C5831ABD15DE00901386 /* Debug */,
				D8B4C5841ABD15DE00901386 /* Release */,
			);
			defaultConfigurationIsVisible = 0;
			defaultConfigurationName = Release;
		};
		D8B4C5851ABD15DE00901386 /* Build configuration list for PBXNativeTarget "Termios" */ = {
			isa = XCConfigurationList;
			buildConfigurations = (
				D8B4C5861ABD15DE00901386 /* Debug */,
				D8B4C5871ABD15DE00901386 /* Release */,
			);
			defaultConfigurationIsVisible = 0;
			defaultConfigurationName = Release;
		};
		D8B4C5881ABD15DE00901386 /* Build configuration list for PBXNativeTarget "TermiosTests" */ = {
			isa = XCConfigurationList;
			buildConfigurations = (
				D8B4C5891ABD15DE00901386 /* Debug */,
				D8B4C58A1ABD15DE00901386 /* Release */,
			);
			defaultConfigurationIsVisible = 0;
			defaultConfigurationName = Release;
		};
/* End XCConfigurationList section */
	};
	rootObject = D8B4C5611ABD15DE00901386 /* Project object */;
}
